PODS:
  - Flutter (1.0.0)
  - Microblink (5.15.2)
  - Passbase (2.12.0):
    - Microblink (= 5.15.2)
  - passbase_flutter (2.12.0):
    - Flutter
    - Passbase (= 2.12.0)

DEPENDENCIES:
  - Flutter (from `Flutter`)
  - passbase_flutter (from `.symlinks/plugins/passbase_flutter/ios`)

SPEC REPOS:
  https://github.com/passbase/cocoapods-specs.git:
    - Passbase
  https://github.com/passbase/microblink-cocoapods-specs.git:
    - Microblink

EXTERNAL SOURCES:
  Flutter:
    :path: Flutter
  passbase_flutter:
    :path: ".symlinks/plugins/passbase_flutter/ios"

SPEC CHECKSUMS:
  Flutter: 50d75fe2f02b26cc09d224853bb45737f8b3214a
  Microblink: 2489fab79f111626896f0f961aae9f3167b51199
  Passbase: d756c0c712aa74a900cc44a90ea9f9de6fbd42ae
  passbase_flutter: e15bef9d15575374b4a85c3ee6381ad59364d172

PODFILE CHECKSUM: f14128e84341f9bfc1c760fb9c5547c78ec86646

COCOAPODS: 1.11.2
