PODS:
  - Flutter (1.0.0)
  - Microblink (5.11.1)
  - Passbase (2.7.4):
    - Microblink (= 5.11.1)
  - passbase_flutter (2.7.4):
    - Flutter
    - Passbase (= 2.7.4)

DEPENDENCIES:
  - Flutter (from `Flutter`)
  - passbase_flutter (from `.symlinks/plugins/passbase_flutter/ios`)

SPEC REPOS:
  https://github.com/passbase/cocoapods-specs.git:
    - Passbase
  https://github.com/passbase/microblink-cocoapods-specs.git:
    - Microblink

EXTERNAL SOURCES:
  Flutter:
    :path: Flutter
  passbase_flutter:
    :path: ".symlinks/plugins/passbase_flutter/ios"

SPEC CHECKSUMS:
  Flutter: 434fef37c0980e73bb6479ef766c45957d4b510c
  Microblink: 807dd5cc6a9c6a1f7913c7e4450a3cde49dbf894
  Passbase: 92b988496ef936f0437fbd7f5310b75832e40a0d
  passbase_flutter: 3e303ece4c8ec7c11f2a0c5e651c6189c7d95762

PODFILE CHECKSUM: f14128e84341f9bfc1c760fb9c5547c78ec86646

COCOAPODS: 1.10.1
